
Microsoft Visual Studio Solution File, Format Version 12.00
# Visual Studio 15
VisualStudioVersion = 15.0.26730.10
MinimumVisualStudioVersion = 10.0.40219.1
Project("{FAE04EC0-301F-11D3-BF4B-00C04F79EFBC}") = "taller5.3", "taller5.3\taller5.3.csproj", "{AF10817A-4A5B-4906-8052-BD55E5D1E6A8}"
EndProject
Global
	GlobalSection(SolutionConfigurationPlatforms) = preSolution
		Debug|Any CPU = Debug|Any CPU
		Release|Any CPU = Release|Any CPU
	EndGlobalSection
	GlobalSection(ProjectConfigurationPlatforms) = postSolution
		{AF10817A-4A5B-4906-8052-BD55E5D1E6A8}.Debug|Any CPU.ActiveCfg = Debug|Any CPU
		{AF10817A-4A5B-4906-8052-BD55E5D1E6A8}.Debug|Any CPU.Build.0 = Debug|Any CPU
		{AF10817A-4A5B-4906-8052-BD55E5D1E6A8}.Release|Any CPU.ActiveCfg = Release|Any CPU
		{AF10817A-4A5B-4906-8052-BD55E5D1E6A8}.Release|Any CPU.Build.0 = Release|Any CPU
	EndGlobalSection
	GlobalSection(SolutionProperties) = preSolution
		HideSolutionNode = FALSE
	EndGlobalSection
	GlobalSection(ExtensibilityGlobals) = postSolution
		SolutionGuid = {AB2A6F1C-EEC7-411C-BE92-99A7D47ADC8F}
	EndGlobalSection
EndGlobal
